
Microsoft Visual Studio Solution File, Format Version 12.00
# Visual Studio Version 17
VisualStudioVersion = 17.9.34616.47
MinimumVisualStudioVersion = 10.0.40219.1
Project("{FAE04EC0-301F-11D3-BF4B-00C04F79EFBC}") = "TPMOD8", "TPMOD8\TPMOD8.csproj", "{2287E2A2-F6C0-46F3-A58C-D134742B55FF}"
EndProject
Global
	GlobalSection(SolutionConfigurationPlatforms) = preSolution
		Debug|Any CPU = Debug|Any CPU
		Release|Any CPU = Release|Any CPU
	EndGlobalSection
	GlobalSection(ProjectConfigurationPlatforms) = postSolution
		{2287E2A2-F6C0-46F3-A58C-D134742B55FF}.Debug|Any CPU.ActiveCfg = Debug|Any CPU
		{2287E2A2-F6C0-46F3-A58C-D134742B55FF}.Debug|Any CPU.Build.0 = Debug|Any CPU
		{2287E2A2-F6C0-46F3-A58C-D134742B55FF}.Release|Any CPU.ActiveCfg = Release|Any CPU
		{2287E2A2-F6C0-46F3-A58C-D134742B55FF}.Release|Any CPU.Build.0 = Release|Any CPU
	EndGlobalSection
	GlobalSection(SolutionProperties) = preSolution
		HideSolutionNode = FALSE
	EndGlobalSection
	GlobalSection(ExtensibilityGlobals) = postSolution
		SolutionGuid = {51CD3C88-04BE-4115-B8F5-4E0ED36B9BD0}
	EndGlobalSection
EndGlobal
